
Microsoft Visual Studio Solution File, Format Version 12.00
# Visual Studio Version 16
VisualStudioVersion = 16.0.31424.327
MinimumVisualStudioVersion = 10.0.40219.1
Project("{FAE04EC0-301F-11D3-BF4B-00C04F79EFBC}") = "AccountsApplication", "AccountsApplication\AccountsApplication.csproj", "{3DF090CF-A135-4978-85AB-9619F6CADD39}"
EndProject
Global
	GlobalSection(SolutionConfigurationPlatforms) = preSolution
		Debug|Any CPU = Debug|Any CPU
		Release|Any CPU = Release|Any CPU
	EndGlobalSection
	GlobalSection(ProjectConfigurationPlatforms) = postSolution
		{3DF090CF-A135-4978-85AB-9619F6CADD39}.Debug|Any CPU.ActiveCfg = Debug|Any CPU
		{3DF090CF-A135-4978-85AB-9619F6CADD39}.Debug|Any CPU.Build.0 = Debug|Any CPU
		{3DF090CF-A135-4978-85AB-9619F6CADD39}.Release|Any CPU.ActiveCfg = Release|Any CPU
		{3DF090CF-A135-4978-85AB-9619F6CADD39}.Release|Any CPU.Build.0 = Release|Any CPU
	EndGlobalSection
	GlobalSection(SolutionProperties) = preSolution
		HideSolutionNode = FALSE
	EndGlobalSection
	GlobalSection(ExtensibilityGlobals) = postSolution
		SolutionGuid = {426FC62B-E5AA-4B66-B08E-F0072DF9A807}
	EndGlobalSection
EndGlobal
